// !$*UTF8*$!
{
	archiveVersion = 1;
	classes = {
	};
	objectVersion = 56;
	objects = {

/* Begin PBXBuildFile section */
		6943783B2A6F6F4100BF04A8 /* Assets.xcassets in Resources */ = {isa = PBXBuildFile; fileRef = 6943783A2A6F6F4100BF04A8 /* Assets.xcassets */; };
		6943783E2A6F6F4100BF04A8 /* Preview Assets.xcassets in Resources */ = {isa = PBXBuildFile; fileRef = 6943783D2A6F6F4100BF04A8 /* Preview Assets.xcassets */; };
		694378482A6F968D00BF04A8 /* Main.swift in Sources */ = {isa = PBXBuildFile; fileRef = 694378462A6F964200BF04A8 /* Main.swift */; };
		694378492A6F97B500BF04A8 /* IntroductionView.swift in Sources */ = {isa = PBXBuildFile; fileRef = 694378382A6F6F3F00BF04A8 /* IntroductionView.swift */; };
		6943784B2A6F995400BF04A8 /* NavigationListView.swift in Sources */ = {isa = PBXBuildFile; fileRef = 6943784A2A6F995400BF04A8 /* NavigationListView.swift */; };
		6943784D2A6FA41500BF04A8 /* ListItem.swift in Sources */ = {isa = PBXBuildFile; fileRef = 6943784C2A6FA41500BF04A8 /* ListItem.swift */; };
		694378502A6FA61B00BF04A8 /* Restaurant.swift in Sources */ = {isa = PBXBuildFile; fileRef = 6943784F2A6FA61B00BF04A8 /* Restaurant.swift */; };
		6950A88D2A7101F10012DD58 /* restaurants.json in Resources */ = {isa = PBXBuildFile; fileRef = 6950A88C2A7101F10012DD58 /* restaurants.json */; };
		69714C972A6FC48F002AA007 /* WelcomeView.swift in Sources */ = {isa = PBXBuildFile; fileRef = 69714C962A6FC48F002AA007 /* WelcomeView.swift */; };
		69714C992A6FCDE2002AA007 /* RestaurantData.swift in Sources */ = {isa = PBXBuildFile; fileRef = 69714C982A6FCDE2002AA007 /* RestaurantData.swift */; };
		69714C9B2A6FCEE4002AA007 /* DetailView.swift in Sources */ = {isa = PBXBuildFile; fileRef = 69714C9A2A6FCEE4002AA007 /* DetailView.swift */; };
		69714C9D2A6FCF33002AA007 /* DetailItem.swift in Sources */ = {isa = PBXBuildFile; fileRef = 69714C9C2A6FCF33002AA007 /* DetailItem.swift */; };
		69714C9F2A6FD280002AA007 /* MapView.swift in Sources */ = {isa = PBXBuildFile; fileRef = 69714C9E2A6FD280002AA007 /* MapView.swift */; };
		698E16852A737B9F006339A8 /* Details.swift in Sources */ = {isa = PBXBuildFile; fileRef = 698E16842A737B9F006339A8 /* Details.swift */; };
		698E16872A7385F6006339A8 /* Card.swift in Sources */ = {isa = PBXBuildFile; fileRef = 698E16862A7385F6006339A8 /* Card.swift */; };
		698E168F2A73BBA2006339A8 /* NotoSerif-Light.ttf in Resources */ = {isa = PBXBuildFile; fileRef = 698E168E2A73BBA2006339A8 /* NotoSerif-Light.ttf */; };
		698E16912A73BD1D006339A8 /* NotoSerif-Medium.ttf in Resources */ = {isa = PBXBuildFile; fileRef = 698E16902A73BD1D006339A8 /* NotoSerif-Medium.ttf */; };
		698E16932A73BE6D006339A8 /* NotoSerif-Regular.ttf in Resources */ = {isa = PBXBuildFile; fileRef = 698E16922A73BE6D006339A8 /* NotoSerif-Regular.ttf */; };
/* End PBXBuildFile section */

/* Begin PBXFileReference section */
		694378332A6F6F3F00BF04A8 /* FoodieHub.app */ = {isa = PBXFileReference; explicitFileType = wrapper.application; includeInIndex = 0; path = FoodieHub.app; sourceTree = BUILT_PRODUCTS_DIR; };
		694378382A6F6F3F00BF04A8 /* IntroductionView.swift */ = {isa = PBXFileReference; lastKnownFileType = sourcecode.swift; path = IntroductionView.swift; sourceTree = "<group>"; };
		6943783A2A6F6F4100BF04A8 /* Assets.xcassets */ = {isa = PBXFileReference; lastKnownFileType = folder.assetcatalog; path = Assets.xcassets; sourceTree = "<group>"; };
		6943783D2A6F6F4100BF04A8 /* Preview Assets.xcassets */ = {isa = PBXFileReference; lastKnownFileType = folder.assetcatalog; path = "Preview Assets.xcassets"; sourceTree = "<group>"; };
		694378462A6F964200BF04A8 /* Main.swift */ = {isa = PBXFileReference; lastKnownFileType = sourcecode.swift; path = Main.swift; sourceTree = "<group>"; };
		6943784A2A6F995400BF04A8 /* NavigationListView.swift */ = {isa = PBXFileReference; lastKnownFileType = sourcecode.swift; path = NavigationListView.swift; sourceTree = "<group>"; };
		6943784C2A6FA41500BF04A8 /* ListItem.swift */ = {isa = PBXFileReference; lastKnownFileType = sourcecode.swift; path = ListItem.swift; sourceTree = "<group>"; };
		6943784F2A6FA61B00BF04A8 /* Restaurant.swift */ = {isa = PBXFileReference; lastKnownFileType = sourcecode.swift; path = Restaurant.swift; sourceTree = "<group>"; };
		6950A88C2A7101F10012DD58 /* restaurants.json */ = {isa = PBXFileReference; fileEncoding = 4; lastKnownFileType = text.json; path = restaurants.json; sourceTree = "<group>"; };
		69714C962A6FC48F002AA007 /* WelcomeView.swift */ = {isa = PBXFileReference; lastKnownFileType = sourcecode.swift; path = WelcomeView.swift; sourceTree = "<group>"; };
		69714C982A6FCDE2002AA007 /* RestaurantData.swift */ = {isa = PBXFileReference; lastKnownFileType = sourcecode.swift; path = RestaurantData.swift; sourceTree = "<group>"; };
		69714C9A2A6FCEE4002AA007 /* DetailView.swift */ = {isa = PBXFileReference; lastKnownFileType = sourcecode.swift; path = DetailView.swift; sourceTree = "<group>"; };
		69714C9C2A6FCF33002AA007 /* DetailItem.swift */ = {isa = PBXFileReference; lastKnownFileType = sourcecode.swift; path = DetailItem.swift; sourceTree = "<group>"; };
		69714C9E2A6FD280002AA007 /* MapView.swift */ = {isa = PBXFileReference; lastKnownFileType = sourcecode.swift; path = MapView.swift; sourceTree = "<group>"; };
		698E16842A737B9F006339A8 /* Details.swift */ = {isa = PBXFileReference; lastKnownFileType = sourcecode.swift; path = Details.swift; sourceTree = "<group>"; };
		698E16862A7385F6006339A8 /* Card.swift */ = {isa = PBXFileReference; lastKnownFileType = sourcecode.swift; path = Card.swift; sourceTree = "<group>"; };
		698E168D2A73B9EA006339A8 /* Info.plist */ = {isa = PBXFileReference; lastKnownFileType = text.plist.xml; path = Info.plist; sourceTree = "<group>"; };
		698E168E2A73BBA2006339A8 /* NotoSerif-Light.ttf */ = {isa = PBXFileReference; lastKnownFileType = file; path = "NotoSerif-Light.ttf"; sourceTree = "<group>"; };
		698E16902A73BD1D006339A8 /* NotoSerif-Medium.ttf */ = {isa = PBXFileReference; lastKnownFileType = file; path = "NotoSerif-Medium.ttf"; sourceTree = "<group>"; };
		698E16922A73BE6D006339A8 /* NotoSerif-Regular.ttf */ = {isa = PBXFileReference; lastKnownFileType = file; path = "NotoSerif-Regular.ttf"; sourceTree = "<group>"; };
/* End PBXFileReference section */

/* Begin PBXFrameworksBuildPhase section */
		694378302A6F6F3F00BF04A8 /* Frameworks */ = {
			isa = PBXFrameworksBuildPhase;
			buildActionMask = 2147483647;
			files = (
			);
			runOnlyForDeploymentPostprocessing = 0;
		};
/* End PBXFrameworksBuildPhase section */

/* Begin PBXGroup section */
		6943782A2A6F6F3F00BF04A8 = {
			isa = PBXGroup;
			children = (
				694378352A6F6F3F00BF04A8 /* FoodieHub */,
				694378342A6F6F3F00BF04A8 /* Products */,
			);
			sourceTree = "<group>";
		};
		694378342A6F6F3F00BF04A8 /* Products */ = {
			isa = PBXGroup;
			children = (
				694378332A6F6F3F00BF04A8 /* FoodieHub.app */,
			);
			name = Products;
			sourceTree = "<group>";
		};
		694378352A6F6F3F00BF04A8 /* FoodieHub */ = {
			isa = PBXGroup;
			children = (
				698E168D2A73B9EA006339A8 /* Info.plist */,
				698E16882A73AA75006339A8 /* Extensions */,
				694378512A6FACF200BF04A8 /* Data */,
				6943784E2A6FA60900BF04A8 /* Model */,
				694378452A6F72F600BF04A8 /* Components */,
				694378442A6F72E200BF04A8 /* View */,
				694378462A6F964200BF04A8 /* Main.swift */,
				6943783A2A6F6F4100BF04A8 /* Assets.xcassets */,
				6943783C2A6F6F4100BF04A8 /* Preview Content */,
			);
			path = FoodieHub;
			sourceTree = "<group>";
		};
		6943783C2A6F6F4100BF04A8 /* Preview Content */ = {
			isa = PBXGroup;
			children = (
				6943783D2A6F6F4100BF04A8 /* Preview Assets.xcassets */,
			);
			path = "Preview Content";
			sourceTree = "<group>";
		};
		694378442A6F72E200BF04A8 /* View */ = {
			isa = PBXGroup;
			children = (
				694378382A6F6F3F00BF04A8 /* IntroductionView.swift */,
				6943784A2A6F995400BF04A8 /* NavigationListView.swift */,
				69714C962A6FC48F002AA007 /* WelcomeView.swift */,
				69714C9A2A6FCEE4002AA007 /* DetailView.swift */,
			);
			path = View;
			sourceTree = "<group>";
		};
		694378452A6F72F600BF04A8 /* Components */ = {
			isa = PBXGroup;
			children = (
				6943784C2A6FA41500BF04A8 /* ListItem.swift */,
				698E16862A7385F6006339A8 /* Card.swift */,
				69714C9C2A6FCF33002AA007 /* DetailItem.swift */,
				698E16842A737B9F006339A8 /* Details.swift */,
				69714C9E2A6FD280002AA007 /* MapView.swift */,
			);
			path = Components;
			sourceTree = "<group>";
		};
		6943784E2A6FA60900BF04A8 /* Model */ = {
			isa = PBXGroup;
			children = (
				6943784F2A6FA61B00BF04A8 /* Restaurant.swift */,
			);
			path = Model;
			sourceTree = "<group>";
		};
		694378512A6FACF200BF04A8 /* Data */ = {
			isa = PBXGroup;
			children = (
				6950A88C2A7101F10012DD58 /* restaurants.json */,
				69714C982A6FCDE2002AA007 /* RestaurantData.swift */,
			);
			path = Data;
			sourceTree = "<group>";
		};
		698E16882A73AA75006339A8 /* Extensions */ = {
			isa = PBXGroup;
			children = (
				698E168E2A73BBA2006339A8 /* NotoSerif-Light.ttf */,
				698E16922A73BE6D006339A8 /* NotoSerif-Regular.ttf */,
				698E16902A73BD1D006339A8 /* NotoSerif-Medium.ttf */,
			);
			path = Extensions;
			sourceTree = "<group>";
		};
/* End PBXGroup section */

/* Begin PBXNativeTarget section */
		694378322A6F6F3F00BF04A8 /* FoodieHub */ = {
			isa = PBXNativeTarget;
			buildConfigurationList = 694378412A6F6F4100BF04A8 /* Build configuration list for PBXNativeTarget "FoodieHub" */;
			buildPhases = (
				6943782F2A6F6F3F00BF04A8 /* Sources */,
				694378302A6F6F3F00BF04A8 /* Frameworks */,
				694378312A6F6F3F00BF04A8 /* Resources */,
			);
			buildRules = (
			);
			dependencies = (
			);
			name = FoodieHub;
			productName = FoodieHub;
			productReference = 694378332A6F6F3F00BF04A8 /* FoodieHub.app */;
			productType = "com.apple.product-type.application";
		};
/* End PBXNativeTarget section */

/* Begin PBXProject section */
		6943782B2A6F6F3F00BF04A8 /* Project object */ = {
			isa = PBXProject;
			attributes = {
				BuildIndependentTargetsInParallel = 1;
				LastSwiftUpdateCheck = 1430;
				LastUpgradeCheck = 1430;
				TargetAttributes = {
					694378322A6F6F3F00BF04A8 = {
						CreatedOnToolsVersion = 14.3.1;
					};
				};
			};
			buildConfigurationList = 6943782E2A6F6F3F00BF04A8 /* Build configuration list for PBXProject "FoodieHub" */;
			compatibilityVersion = "Xcode 14.0";
			developmentRegion = en;
			hasScannedForEncodings = 0;
			knownRegions = (
				en,
				Base,
			);
			mainGroup = 6943782A2A6F6F3F00BF04A8;
			productRefGroup = 694378342A6F6F3F00BF04A8 /* Products */;
			projectDirPath = "";
			projectRoot = "";
			targets = (
				694378322A6F6F3F00BF04A8 /* FoodieHub */,
			);
		};
/* End PBXProject section */

/* Begin PBXResourcesBuildPhase section */
		694378312A6F6F3F00BF04A8 /* Resources */ = {
			isa = PBXResourcesBuildPhase;
			buildActionMask = 2147483647;
			files = (
				6943783E2A6F6F4100BF04A8 /* Preview Assets.xcassets in Resources */,
				698E16932A73BE6D006339A8 /* NotoSerif-Regular.ttf in Resources */,
				698E168F2A73BBA2006339A8 /* NotoSerif-Light.ttf in Resources */,
				6950A88D2A7101F10012DD58 /* restaurants.json in Resources */,
				698E16912A73BD1D006339A8 /* NotoSerif-Medium.ttf in Resources */,
				6943783B2A6F6F4100BF04A8 /* Assets.xcassets in Resources */,
			);
			runOnlyForDeploymentPostprocessing = 0;
		};
/* End PBXResourcesBuildPhase section */

/* Begin PBXSourcesBuildPhase section */
		6943782F2A6F6F3F00BF04A8 /* Sources */ = {
			isa = PBXSourcesBuildPhase;
			buildActionMask = 2147483647;
			files = (
				69714C9F2A6FD280002AA007 /* MapView.swift in Sources */,
				69714C9D2A6FCF33002AA007 /* DetailItem.swift in Sources */,
				694378502A6FA61B00BF04A8 /* Restaurant.swift in Sources */,
				69714C9B2A6FCEE4002AA007 /* DetailView.swift in Sources */,
				69714C972A6FC48F002AA007 /* WelcomeView.swift in Sources */,
				6943784D2A6FA41500BF04A8 /* ListItem.swift in Sources */,
				698E16852A737B9F006339A8 /* Details.swift in Sources */,
				698E16872A7385F6006339A8 /* Card.swift in Sources */,
				694378482A6F968D00BF04A8 /* Main.swift in Sources */,
				694378492A6F97B500BF04A8 /* IntroductionView.swift in Sources */,
				6943784B2A6F995400BF04A8 /* NavigationListView.swift in Sources */,
				69714C992A6FCDE2002AA007 /* RestaurantData.swift in Sources */,
			);
			runOnlyForDeploymentPostprocessing = 0;
		};
/* End PBXSourcesBuildPhase section */

/* Begin XCBuildConfiguration section */
		6943783F2A6F6F4100BF04A8 /* Debug */ = {
			isa = XCBuildConfiguration;
			buildSettings = {
				ALWAYS_SEARCH_USER_PATHS = NO;
				CLANG_ANALYZER_NONNULL = YES;
				CLANG_ANALYZER_NUMBER_OBJECT_CONVERSION = YES_AGGRESSIVE;
				CLANG_CXX_LANGUAGE_STANDARD = "gnu++20";
				CLANG_ENABLE_MODULES = YES;
				CLANG_ENABLE_OBJC_ARC = YES;
				CLANG_ENABLE_OBJC_WEAK = YES;
				CLANG_WARN_BLOCK_CAPTURE_AUTORELEASING = YES;
				CLANG_WARN_BOOL_CONVERSION = YES;
				CLANG_WARN_COMMA = YES;
				CLANG_WARN_CONSTANT_CONVERSION = YES;
				CLANG_WARN_DEPRECATED_OBJC_IMPLEMENTATIONS = YES;
				CLANG_WARN_DIRECT_OBJC_ISA_USAGE = YES_ERROR;
				CLANG_WARN_DOCUMENTATION_COMMENTS = YES;
				CLANG_WARN_EMPTY_BODY = YES;
				CLANG_WARN_ENUM_CONVERSION = YES;
				CLANG_WARN_INFINITE_RECURSION = YES;
				CLANG_WARN_INT_CONVERSION = YES;
				CLANG_WARN_NON_LITERAL_NULL_CONVERSION = YES;
				CLANG_WARN_OBJC_IMPLICIT_RETAIN_SELF = YES;
				CLANG_WARN_OBJC_LITERAL_CONVERSION = YES;
				CLANG_WARN_OBJC_ROOT_CLASS = YES_ERROR;
				CLANG_WARN_QUOTED_INCLUDE_IN_FRAMEWORK_HEADER = YES;
				CLANG_WARN_RANGE_LOOP_ANALYSIS = YES;
				CLANG_WARN_STRICT_PROTOTYPES = YES;
				CLANG_WARN_SUSPICIOUS_MOVE = YES;
				CLANG_WARN_UNGUARDED_AVAILABILITY = YES_AGGRESSIVE;
				CLANG_WARN_UNREACHABLE_CODE = YES;
				CLANG_WARN__DUPLICATE_METHOD_MATCH = YES;
				COPY_PHASE_STRIP = NO;
				DEBUG_INFORMATION_FORMAT = dwarf;
				ENABLE_STRICT_OBJC_MSGSEND = YES;
				ENABLE_TESTABILITY = YES;
				GCC_C_LANGUAGE_STANDARD = gnu11;
				GCC_DYNAMIC_NO_PIC = NO;
				GCC_NO_COMMON_BLOCKS = YES;
				GCC_OPTIMIZATION_LEVEL = 0;
				GCC_PREPROCESSOR_DEFINITIONS = (
					"DEBUG=1",
					"$(inherited)",
				);
				GCC_WARN_64_TO_32_BIT_CONVERSION = YES;
				GCC_WARN_ABOUT_RETURN_TYPE = YES_ERROR;
				GCC_WARN_UNDECLARED_SELECTOR = YES;
				GCC_WARN_UNINITIALIZED_AUTOS = YES_AGGRESSIVE;
				GCC_WARN_UNUSED_FUNCTION = YES;
				GCC_WARN_UNUSED_VARIABLE = YES;
				IPHONEOS_DEPLOYMENT_TARGET = 16.4;
				MTL_ENABLE_DEBUG_INFO = INCLUDE_SOURCE;
				MTL_FAST_MATH = YES;
				ONLY_ACTIVE_ARCH = YES;
				SDKROOT = iphoneos;
				SWIFT_ACTIVE_COMPILATION_CONDITIONS = DEBUG;
				SWIFT_OPTIMIZATION_LEVEL = "-Onone";
			};
			name = Debug;
		};
		694378402A6F6F4100BF04A8 /* Release */ = {
			isa = XCBuildConfiguration;
			buildSettings = {
				ALWAYS_SEARCH_USER_PATHS = NO;
				CLANG_ANALYZER_NONNULL = YES;
				CLANG_ANALYZER_NUMBER_OBJECT_CONVERSION = YES_AGGRESSIVE;
				CLANG_CXX_LANGUAGE_STANDARD = "gnu++20";
				CLANG_ENABLE_MODULES = YES;
				CLANG_ENABLE_OBJC_ARC = YES;
				CLANG_ENABLE_OBJC_WEAK = YES;
				CLANG_WARN_BLOCK_CAPTURE_AUTORELEASING = YES;
				CLANG_WARN_BOOL_CONVERSION = YES;
				CLANG_WARN_COMMA = YES;
				CLANG_WARN_CONSTANT_CONVERSION = YES;
				CLANG_WARN_DEPRECATED_OBJC_IMPLEMENTATIONS = YES;
				CLANG_WARN_DIRECT_OBJC_ISA_USAGE = YES_ERROR;
				CLANG_WARN_DOCUMENTATION_COMMENTS = YES;
				CLANG_WARN_EMPTY_BODY = YES;
				CLANG_WARN_ENUM_CONVERSION = YES;
				CLANG_WARN_INFINITE_RECURSION = YES;
				CLANG_WARN_INT_CONVERSION = YES;
				CLANG_WARN_NON_LITERAL_NULL_CONVERSION = YES;
				CLANG_WARN_OBJC_IMPLICIT_RETAIN_SELF = YES;
				CLANG_WARN_OBJC_LITERAL_CONVERSION = YES;
				CLANG_WARN_OBJC_ROOT_CLASS = YES_ERROR;
				CLANG_WARN_QUOTED_INCLUDE_IN_FRAMEWORK_HEADER = YES;
				CLANG_WARN_RANGE_LOOP_ANALYSIS = YES;
				CLANG_WARN_STRICT_PROTOTYPES = YES;
				CLANG_WARN_SUSPICIOUS_MOVE = YES;
				CLANG_WARN_UNGUARDED_AVAILABILITY = YES_AGGRESSIVE;
				CLANG_WARN_UNREACHABLE_CODE = YES;
				CLANG_WARN__DUPLICATE_METHOD_MATCH = YES;
				COPY_PHASE_STRIP = NO;
				DEBUG_INFORMATION_FORMAT = "dwarf-with-dsym";
				ENABLE_NS_ASSERTIONS = NO;
				ENABLE_STRICT_OBJC_MSGSEND = YES;
				GCC_C_LANGUAGE_STANDARD = gnu11;
				GCC_NO_COMMON_BLOCKS = YES;
				GCC_WARN_64_TO_32_BIT_CONVERSION = YES;
				GCC_WARN_ABOUT_RETURN_TYPE = YES_ERROR;
				GCC_WARN_UNDECLARED_SELECTOR = YES;
				GCC_WARN_UNINITIALIZED_AUTOS = YES_AGGRESSIVE;
				GCC_WARN_UNUSED_FUNCTION = YES;
				GCC_WARN_UNUSED_VARIABLE = YES;
				IPHONEOS_DEPLOYMENT_TARGET = 16.4;
				MTL_ENABLE_DEBUG_INFO = NO;
				MTL_FAST_MATH = YES;
				SDKROOT = iphoneos;
				SWIFT_COMPILATION_MODE = wholemodule;
				SWIFT_OPTIMIZATION_LEVEL = "-O";
				VALIDATE_PRODUCT = YES;
			};
			name = Release;
		};
		694378422A6F6F4100BF04A8 /* Debug */ = {
			isa = XCBuildConfiguration;
			buildSettings = {
				ASSETCATALOG_COMPILER_APPICON_NAME = AppIcon;
				ASSETCATALOG_COMPILER_GLOBAL_ACCENT_COLOR_NAME = AccentColor;
				CODE_SIGN_STYLE = Automatic;
				CURRENT_PROJECT_VERSION = 1;
				DEVELOPMENT_ASSET_PATHS = "\"FoodieHub/Preview Content\"";
				DEVELOPMENT_TEAM = 29DDDV83NA;
				ENABLE_PREVIEWS = YES;
				GENERATE_INFOPLIST_FILE = YES;
				INFOPLIST_FILE = FoodieHub/Info.plist;
				INFOPLIST_KEY_UIApplicationSceneManifest_Generation = YES;
				INFOPLIST_KEY_UIApplicationSupportsIndirectInputEvents = YES;
				INFOPLIST_KEY_UILaunchScreen_Generation = YES;
				INFOPLIST_KEY_UISupportedInterfaceOrientations_iPad = "UIInterfaceOrientationPortrait UIInterfaceOrientationPortraitUpsideDown UIInterfaceOrientationLandscapeLeft UIInterfaceOrientationLandscapeRight";
				INFOPLIST_KEY_UISupportedInterfaceOrientations_iPhone = "UIInterfaceOrientationPortrait UIInterfaceOrientationLandscapeLeft UIInterfaceOrientationLandscapeRight";
				LD_RUNPATH_SEARCH_PATHS = (
					"$(inherited)",
					"@executable_path/Frameworks",
				);
				MARKETING_VERSION = 1.0;
				PRODUCT_BUNDLE_IDENTIFIER = vn.rmit.edu.duy.FoodieHub;
				PRODUCT_NAME = "$(TARGET_NAME)";
				SWIFT_EMIT_LOC_STRINGS = YES;
				SWIFT_VERSION = 5.0;
				TARGETED_DEVICE_FAMILY = "1,2";
			};
			name = Debug;
		};
		694378432A6F6F4100BF04A8 /* Release */ = {
			isa = XCBuildConfiguration;
			buildSettings = {
				ASSETCATALOG_COMPILER_APPICON_NAME = AppIcon;
				ASSETCATALOG_COMPILER_GLOBAL_ACCENT_COLOR_NAME = AccentColor;
				CODE_SIGN_STYLE = Automatic;
				CURRENT_PROJECT_VERSION = 1;
				DEVELOPMENT_ASSET_PATHS = "\"FoodieHub/Preview Content\"";
				DEVELOPMENT_TEAM = 29DDDV83NA;
				ENABLE_PREVIEWS = YES;
				GENERATE_INFOPLIST_FILE = YES;
				INFOPLIST_FILE = FoodieHub/Info.plist;
				INFOPLIST_KEY_UIApplicationSceneManifest_Generation = YES;
				INFOPLIST_KEY_UIApplicationSupportsIndirectInputEvents = YES;
				INFOPLIST_KEY_UILaunchScreen_Generation = YES;
				INFOPLIST_KEY_UISupportedInterfaceOrientations_iPad = "UIInterfaceOrientationPortrait UIInterfaceOrientationPortraitUpsideDown UIInterfaceOrientationLandscapeLeft UIInterfaceOrientationLandscapeRight";
				INFOPLIST_KEY_UISupportedInterfaceOrientations_iPhone = "UIInterfaceOrientationPortrait UIInterfaceOrientationLandscapeLeft UIInterfaceOrientationLandscapeRight";
				LD_RUNPATH_SEARCH_PATHS = (
					"$(inherited)",
					"@executable_path/Frameworks",
				);
				MARKETING_VERSION = 1.0;
				PRODUCT_BUNDLE_IDENTIFIER = vn.rmit.edu.duy.FoodieHub;
				PRODUCT_NAME = "$(TARGET_NAME)";
				SWIFT_EMIT_LOC_STRINGS = YES;
				SWIFT_VERSION = 5.0;
				TARGETED_DEVICE_FAMILY = "1,2";
			};
			name = Release;
		};
/* End XCBuildConfiguration section */

/* Begin XCConfigurationList section */
		6943782E2A6F6F3F00BF04A8 /* Build configuration list for PBXProject "FoodieHub" */ = {
			isa = XCConfigurationList;
			buildConfigurations = (
				6943783F2A6F6F4100BF04A8 /* Debug */,
				694378402A6F6F4100BF04A8 /* Release */,
			);
			defaultConfigurationIsVisible = 0;
			defaultConfigurationName = Release;
		};
		694378412A6F6F4100BF04A8 /* Build configuration list for PBXNativeTarget "FoodieHub" */ = {
			isa = XCConfigurationList;
			buildConfigurations = (
				694378422A6F6F4100BF04A8 /* Debug */,
				694378432A6F6F4100BF04A8 /* Release */,
			);
			defaultConfigurationIsVisible = 0;
			defaultConfigurationName = Release;
		};
/* End XCConfigurationList section */
	};
	rootObject = 6943782B2A6F6F3F00BF04A8 /* Project object */;
}
